
Microsoft Visual Studio Solution File, Format Version 12.00
# Visual Studio Version 17
VisualStudioVersion = 17.1.32414.318
MinimumVisualStudioVersion = 10.0.40219.1
Project("{9A19103F-16F7-4668-BE54-9A1E7A4F7556}") = "BogoSort", "BogoSort.csproj", "{6A214026-305C-4312-A112-76C1C6C4D765}"
EndProject
Global
	GlobalSection(SolutionConfigurationPlatforms) = preSolution
		Debug|Any CPU = Debug|Any CPU
		Release|Any CPU = Release|Any CPU
	EndGlobalSection
	GlobalSection(ProjectConfigurationPlatforms) = postSolution
		{6A214026-305C-4312-A112-76C1C6C4D765}.Debug|Any CPU.ActiveCfg = Debug|Any CPU
		{6A214026-305C-4312-A112-76C1C6C4D765}.Debug|Any CPU.Build.0 = Debug|Any CPU
		{6A214026-305C-4312-A112-76C1C6C4D765}.Release|Any CPU.ActiveCfg = Release|Any CPU
		{6A214026-305C-4312-A112-76C1C6C4D765}.Release|Any CPU.Build.0 = Release|Any CPU
	EndGlobalSection
	GlobalSection(SolutionProperties) = preSolution
		HideSolutionNode = FALSE
	EndGlobalSection
	GlobalSection(ExtensibilityGlobals) = postSolution
		SolutionGuid = {35F61A20-5533-40BF-858C-297C94E5A539}
	EndGlobalSection
EndGlobal
